
Microsoft Visual Studio Solution File, Format Version 12.00
# Visual Studio Version 17
VisualStudioVersion = 17.0.31903.59
MinimumVisualStudioVersion = 10.0.40219.1
Project("{FAE04EC0-301F-11D3-BF4B-00C04F79EFBC}") = "Domain", "Domain\Domain.csproj", "{FE46BCD2-15B9-4D8C-9D8E-97D465F02BA7}"
EndProject
Project("{FAE04EC0-301F-11D3-BF4B-00C04F79EFBC}") = "Infastructure", "Infastructure\Infastructure.csproj", "{EE886184-41D7-4333-8FA8-1E60054DB1EA}"
EndProject
Project("{FAE04EC0-301F-11D3-BF4B-00C04F79EFBC}") = "WebApp", "WebApp\WebApp.csproj", "{6A3CE31C-E256-4CEA-A404-F2063C33C92C}"
EndProject
Global
	GlobalSection(SolutionConfigurationPlatforms) = preSolution
		Debug|Any CPU = Debug|Any CPU
		Release|Any CPU = Release|Any CPU
	EndGlobalSection
	GlobalSection(SolutionProperties) = preSolution
		HideSolutionNode = FALSE
	EndGlobalSection
	GlobalSection(ProjectConfigurationPlatforms) = postSolution
		{FE46BCD2-15B9-4D8C-9D8E-97D465F02BA7}.Debug|Any CPU.ActiveCfg = Debug|Any CPU
		{FE46BCD2-15B9-4D8C-9D8E-97D465F02BA7}.Debug|Any CPU.Build.0 = Debug|Any CPU
		{FE46BCD2-15B9-4D8C-9D8E-97D465F02BA7}.Release|Any CPU.ActiveCfg = Release|Any CPU
		{FE46BCD2-15B9-4D8C-9D8E-97D465F02BA7}.Release|Any CPU.Build.0 = Release|Any CPU
		{EE886184-41D7-4333-8FA8-1E60054DB1EA}.Debug|Any CPU.ActiveCfg = Debug|Any CPU
		{EE886184-41D7-4333-8FA8-1E60054DB1EA}.Debug|Any CPU.Build.0 = Debug|Any CPU
		{EE886184-41D7-4333-8FA8-1E60054DB1EA}.Release|Any CPU.ActiveCfg = Release|Any CPU
		{EE886184-41D7-4333-8FA8-1E60054DB1EA}.Release|Any CPU.Build.0 = Release|Any CPU
		{6A3CE31C-E256-4CEA-A404-F2063C33C92C}.Debug|Any CPU.ActiveCfg = Debug|Any CPU
		{6A3CE31C-E256-4CEA-A404-F2063C33C92C}.Debug|Any CPU.Build.0 = Debug|Any CPU
		{6A3CE31C-E256-4CEA-A404-F2063C33C92C}.Release|Any CPU.ActiveCfg = Release|Any CPU
		{6A3CE31C-E256-4CEA-A404-F2063C33C92C}.Release|Any CPU.Build.0 = Release|Any CPU
	EndGlobalSection
EndGlobal
